
Microsoft Visual Studio Solution File, Format Version 12.00
# Visual Studio Version 16
VisualStudioVersion = 16.0.30907.101
MinimumVisualStudioVersion = 10.0.40219.1
Project("{151D2E53-A2C4-4D7D-83FE-D05416EBD58E}") = "khfsh", "khfsh\khfsh.deployproj", "{4A4D8962-D297-4028-ADB4-82761BDA1F83}"
EndProject
Global
	GlobalSection(SolutionConfigurationPlatforms) = preSolution
		Debug|Any CPU = Debug|Any CPU
		Release|Any CPU = Release|Any CPU
	EndGlobalSection
	GlobalSection(ProjectConfigurationPlatforms) = postSolution
		{4A4D8962-D297-4028-ADB4-82761BDA1F83}.Debug|Any CPU.ActiveCfg = Debug|Any CPU
		{4A4D8962-D297-4028-ADB4-82761BDA1F83}.Debug|Any CPU.Build.0 = Debug|Any CPU
		{4A4D8962-D297-4028-ADB4-82761BDA1F83}.Release|Any CPU.ActiveCfg = Release|Any CPU
		{4A4D8962-D297-4028-ADB4-82761BDA1F83}.Release|Any CPU.Build.0 = Release|Any CPU
	EndGlobalSection
	GlobalSection(SolutionProperties) = preSolution
		HideSolutionNode = FALSE
	EndGlobalSection
	GlobalSection(ExtensibilityGlobals) = postSolution
		SolutionGuid = {D6C3AE44-D470-4093-B2D4-7DBB07829D9F}
	EndGlobalSection
EndGlobal
